
Microsoft Visual Studio Solution File, Format Version 12.00
Project("{FAE04EC0-301F-11D3-BF4B-00C04F79EFBC}") = "NewsPublish", "NewsPublish\NewsPublish.csproj", "{9F70EE86-0775-4F69-A1C5-CE3C5E909DC9}"
EndProject
Global
	GlobalSection(SolutionConfigurationPlatforms) = preSolution
		Debug|Any CPU = Debug|Any CPU
		Release|Any CPU = Release|Any CPU
	EndGlobalSection
	GlobalSection(ProjectConfigurationPlatforms) = postSolution
		{9F70EE86-0775-4F69-A1C5-CE3C5E909DC9}.Debug|Any CPU.ActiveCfg = Debug|Any CPU
		{9F70EE86-0775-4F69-A1C5-CE3C5E909DC9}.Debug|Any CPU.Build.0 = Debug|Any CPU
		{9F70EE86-0775-4F69-A1C5-CE3C5E909DC9}.Release|Any CPU.ActiveCfg = Release|Any CPU
		{9F70EE86-0775-4F69-A1C5-CE3C5E909DC9}.Release|Any CPU.Build.0 = Release|Any CPU
	EndGlobalSection
EndGlobal
